
Microsoft Visual Studio Solution File, Format Version 12.00
# Visual Studio Version 17
VisualStudioVersion = 17.10.35013.160
MinimumVisualStudioVersion = 10.0.40219.1
Project("{FAE04EC0-301F-11D3-BF4B-00C04F79EFBC}") = "AcademiaOnline.Api", "AcademiaOnline.Api\AcademiaOnline.Api.csproj", "{E945FF39-6057-4CC6-B191-1F53D6B1D1AD}"
EndProject
Project("{FAE04EC0-301F-11D3-BF4B-00C04F79EFBC}") = "AcademiaOnline.Application", "AcademiaOnline.Application\AcademiaOnline.Application.csproj", "{8738DE48-644E-461E-AB35-FEB503617037}"
EndProject
Project("{FAE04EC0-301F-11D3-BF4B-00C04F79EFBC}") = "AcademiaOnline.Domain", "AcademiaOnline.Domain\AcademiaOnline.Domain.csproj", "{1539CE98-C530-442A-B18D-344AF0C702DB}"
EndProject
Project("{FAE04EC0-301F-11D3-BF4B-00C04F79EFBC}") = "AcademiaOnline.Infrastructure", "AcademiaOnline.Infrastructure\AcademiaOnline.Infrastructure.csproj", "{EA37DFB9-D7E5-4F3C-8770-DC0EB37894F8}"
EndProject
Global
	GlobalSection(SolutionConfigurationPlatforms) = preSolution
		Debug|Any CPU = Debug|Any CPU
		Release|Any CPU = Release|Any CPU
	EndGlobalSection
	GlobalSection(ProjectConfigurationPlatforms) = postSolution
		{E945FF39-6057-4CC6-B191-1F53D6B1D1AD}.Debug|Any CPU.ActiveCfg = Debug|Any CPU
		{E945FF39-6057-4CC6-B191-1F53D6B1D1AD}.Debug|Any CPU.Build.0 = Debug|Any CPU
		{E945FF39-6057-4CC6-B191-1F53D6B1D1AD}.Release|Any CPU.ActiveCfg = Release|Any CPU
		{E945FF39-6057-4CC6-B191-1F53D6B1D1AD}.Release|Any CPU.Build.0 = Release|Any CPU
		{8738DE48-644E-461E-AB35-FEB503617037}.Debug|Any CPU.ActiveCfg = Debug|Any CPU
		{8738DE48-644E-461E-AB35-FEB503617037}.Debug|Any CPU.Build.0 = Debug|Any CPU
		{8738DE48-644E-461E-AB35-FEB503617037}.Release|Any CPU.ActiveCfg = Release|Any CPU
		{8738DE48-644E-461E-AB35-FEB503617037}.Release|Any CPU.Build.0 = Release|Any CPU
		{1539CE98-C530-442A-B18D-344AF0C702DB}.Debug|Any CPU.ActiveCfg = Debug|Any CPU
		{1539CE98-C530-442A-B18D-344AF0C702DB}.Debug|Any CPU.Build.0 = Debug|Any CPU
		{1539CE98-C530-442A-B18D-344AF0C702DB}.Release|Any CPU.ActiveCfg = Release|Any CPU
		{1539CE98-C530-442A-B18D-344AF0C702DB}.Release|Any CPU.Build.0 = Release|Any CPU
		{EA37DFB9-D7E5-4F3C-8770-DC0EB37894F8}.Debug|Any CPU.ActiveCfg = Debug|Any CPU
		{EA37DFB9-D7E5-4F3C-8770-DC0EB37894F8}.Debug|Any CPU.Build.0 = Debug|Any CPU
		{EA37DFB9-D7E5-4F3C-8770-DC0EB37894F8}.Release|Any CPU.ActiveCfg = Release|Any CPU
		{EA37DFB9-D7E5-4F3C-8770-DC0EB37894F8}.Release|Any CPU.Build.0 = Release|Any CPU
	EndGlobalSection
	GlobalSection(SolutionProperties) = preSolution
		HideSolutionNode = FALSE
	EndGlobalSection
	GlobalSection(ExtensibilityGlobals) = postSolution
		SolutionGuid = {D2326269-A6B0-41AF-BE1B-F8D994F7E701}
	EndGlobalSection
EndGlobal
